
Microsoft Visual Studio Solution File, Format Version 12.00
# Visual Studio Version 17
VisualStudioVersion = 17.0.31903.59
MinimumVisualStudioVersion = 10.0.40219.1
Project("{2150E333-8FDC-42A3-9474-1A3956D46DE8}") = "src", "src", "{827E0CD3-B72D-47B6-A68D-7590B98EB39B}"
EndProject
Project("{FAE04EC0-301F-11D3-BF4B-00C04F79EFBC}") = "OpenShardLauncher.Client", "src\OpenShardLauncher.Client\OpenShardLauncher.Client.csproj", "{2BEF0AD8-6FBD-4FB6-A368-650B1B9972F3}"
EndProject
Project("{FAE04EC0-301F-11D3-BF4B-00C04F79EFBC}") = "OpenShardLauncher.Core", "src\OpenShardLauncher.Core\OpenShardLauncher.Core.csproj", "{7D6EB390-841C-4870-A575-B2D4B3DAD3AE}"
EndProject
Project("{FAE04EC0-301F-11D3-BF4B-00C04F79EFBC}") = "OpenShardLauncher.Shared", "src\OpenShardLauncher.Shared\OpenShardLauncher.Shared.csproj", "{50C1322C-AFC6-45AA-8CB6-D66486EBFA0B}"
EndProject
Project("{FAE04EC0-301F-11D3-BF4B-00C04F79EFBC}") = "OpenShardLauncher.Infrastructure", "src\OpenShardLauncher.Infrastructure\OpenShardLauncher.Infrastructure.csproj", "{6EFD25F3-687A-4BFE-A970-6C56509E9800}"
EndProject
Project("{FAE04EC0-301F-11D3-BF4B-00C04F79EFBC}") = "OpenShardLauncher.Server", "src\OpenShardLauncher.Server\OpenShardLauncher.Server.csproj", "{11B1C849-6C17-45FB-AA86-4CE50D9035D8}"
EndProject
Project("{2150E333-8FDC-42A3-9474-1A3956D46DE8}") = "tools", "tools", "{07C2787E-EAC7-C090-1BA3-A61EC2A24D84}"
EndProject
Project("{FAE04EC0-301F-11D3-BF4B-00C04F79EFBC}") = "OpenShardLauncher.Publisher", "tools\OpenShardLauncher.Publisher\OpenShardLauncher.Publisher.csproj", "{8B23A5DC-082E-4990-A331-0FB624FE44D2}"
EndProject
Project("{2150E333-8FDC-42A3-9474-1A3956D46DE8}") = "tests", "tests", "{0AB3BF05-4346-4AA6-1389-037BE0695223}"
EndProject
Project("{FAE04EC0-301F-11D3-BF4B-00C04F79EFBC}") = "OpenShardLauncher.Client.Tests", "tests\OpenShardLauncher.Client.Tests\OpenShardLauncher.Client.Tests.csproj", "{5DCF8D13-76F4-4AA8-B0F6-3CB30B0899D7}"
EndProject
Project("{FAE04EC0-301F-11D3-BF4B-00C04F79EFBC}") = "OpenShardLauncher.Core.Tests", "tests\OpenShardLauncher.Core.Tests\OpenShardLauncher.Core.Tests.csproj", "{D4496FAB-268B-42E8-A680-831B6492C402}"
EndProject
Project("{FAE04EC0-301F-11D3-BF4B-00C04F79EFBC}") = "OpenShardLauncher.Infrastructure.Tests", "tests\OpenShardLauncher.Infrastructure.Tests\OpenShardLauncher.Infrastructure.Tests.csproj", "{4938B803-7B3E-4645-A2B0-D32D50FB0CE1}"
EndProject
Project("{FAE04EC0-301F-11D3-BF4B-00C04F79EFBC}") = "OpenShardLauncher.Publisher.Tests", "tests\OpenShardLauncher.Publisher.Tests\OpenShardLauncher.Publisher.Tests.csproj", "{503961F1-6EF3-4E69-9F47-EADC20907087}"
EndProject
Project("{FAE04EC0-301F-11D3-BF4B-00C04F79EFBC}") = "OpenShardLauncher.Server.Tests", "tests\OpenShardLauncher.Server.Tests\OpenShardLauncher.Server.Tests.csproj", "{744957D7-47AF-41E2-A8B7-83A378356CB8}"
EndProject
Project("{FAE04EC0-301F-11D3-BF4B-00C04F79EFBC}") = "OpenShardLauncher.Shared.Tests", "tests\OpenShardLauncher.Shared.Tests\OpenShardLauncher.Shared.Tests.csproj", "{9F2F7521-A407-48A5-80BB-845154EA19C4}"
EndProject
Global
	GlobalSection(SolutionConfigurationPlatforms) = preSolution
		Debug|Any CPU = Debug|Any CPU
		Debug|x64 = Debug|x64
		Debug|x86 = Debug|x86
		Release|Any CPU = Release|Any CPU
		Release|x64 = Release|x64
		Release|x86 = Release|x86
	EndGlobalSection
	GlobalSection(ProjectConfigurationPlatforms) = postSolution
		{2BEF0AD8-6FBD-4FB6-A368-650B1B9972F3}.Debug|Any CPU.ActiveCfg = Debug|Any CPU
		{2BEF0AD8-6FBD-4FB6-A368-650B1B9972F3}.Debug|Any CPU.Build.0 = Debug|Any CPU
		{2BEF0AD8-6FBD-4FB6-A368-650B1B9972F3}.Debug|x64.ActiveCfg = Debug|Any CPU
		{2BEF0AD8-6FBD-4FB6-A368-650B1B9972F3}.Debug|x64.Build.0 = Debug|Any CPU
		{2BEF0AD8-6FBD-4FB6-A368-650B1B9972F3}.Debug|x86.ActiveCfg = Debug|Any CPU
		{2BEF0AD8-6FBD-4FB6-A368-650B1B9972F3}.Debug|x86.Build.0 = Debug|Any CPU
		{2BEF0AD8-6FBD-4FB6-A368-650B1B9972F3}.Release|Any CPU.ActiveCfg = Release|Any CPU
		{2BEF0AD8-6FBD-4FB6-A368-650B1B9972F3}.Release|Any CPU.Build.0 = Release|Any CPU
		{2BEF0AD8-6FBD-4FB6-A368-650B1B9972F3}.Release|x64.ActiveCfg = Release|Any CPU
		{2BEF0AD8-6FBD-4FB6-A368-650B1B9972F3}.Release|x64.Build.0 = Release|Any CPU
		{2BEF0AD8-6FBD-4FB6-A368-650B1B9972F3}.Release|x86.ActiveCfg = Release|Any CPU
		{2BEF0AD8-6FBD-4FB6-A368-650B1B9972F3}.Release|x86.Build.0 = Release|Any CPU
		{7D6EB390-841C-4870-A575-B2D4B3DAD3AE}.Debug|Any CPU.ActiveCfg = Debug|Any CPU
		{7D6EB390-841C-4870-A575-B2D4B3DAD3AE}.Debug|Any CPU.Build.0 = Debug|Any CPU
		{7D6EB390-841C-4870-A575-B2D4B3DAD3AE}.Debug|x64.ActiveCfg = Debug|Any CPU
		{7D6EB390-841C-4870-A575-B2D4B3DAD3AE}.Debug|x64.Build.0 = Debug|Any CPU
		{7D6EB390-841C-4870-A575-B2D4B3DAD3AE}.Debug|x86.ActiveCfg = Debug|Any CPU
		{7D6EB390-841C-4870-A575-B2D4B3DAD3AE}.Debug|x86.Build.0 = Debug|Any CPU
		{7D6EB390-841C-4870-A575-B2D4B3DAD3AE}.Release|Any CPU.ActiveCfg = Release|Any CPU
		{7D6EB390-841C-4870-A575-B2D4B3DAD3AE}.Release|Any CPU.Build.0 = Release|Any CPU
		{7D6EB390-841C-4870-A575-B2D4B3DAD3AE}.Release|x64.ActiveCfg = Release|Any CPU
		{7D6EB390-841C-4870-A575-B2D4B3DAD3AE}.Release|x64.Build.0 = Release|Any CPU
		{7D6EB390-841C-4870-A575-B2D4B3DAD3AE}.Release|x86.ActiveCfg = Release|Any CPU
		{7D6EB390-841C-4870-A575-B2D4B3DAD3AE}.Release|x86.Build.0 = Release|Any CPU
		{50C1322C-AFC6-45AA-8CB6-D66486EBFA0B}.Debug|Any CPU.ActiveCfg = Debug|Any CPU
		{50C1322C-AFC6-45AA-8CB6-D66486EBFA0B}.Debug|Any CPU.Build.0 = Debug|Any CPU
		{50C1322C-AFC6-45AA-8CB6-D66486EBFA0B}.Debug|x64.ActiveCfg = Debug|Any CPU
		{50C1322C-AFC6-45AA-8CB6-D66486EBFA0B}.Debug|x64.Build.0 = Debug|Any CPU
		{50C1322C-AFC6-45AA-8CB6-D66486EBFA0B}.Debug|x86.ActiveCfg = Debug|Any CPU
		{50C1322C-AFC6-45AA-8CB6-D66486EBFA0B}.Debug|x86.Build.0 = Debug|Any CPU
		{50C1322C-AFC6-45AA-8CB6-D66486EBFA0B}.Release|Any CPU.ActiveCfg = Release|Any CPU
		{50C1322C-AFC6-45AA-8CB6-D66486EBFA0B}.Release|Any CPU.Build.0 = Release|Any CPU
		{50C1322C-AFC6-45AA-8CB6-D66486EBFA0B}.Release|x64.ActiveCfg = Release|Any CPU
		{50C1322C-AFC6-45AA-8CB6-D66486EBFA0B}.Release|x64.Build.0 = Release|Any CPU
		{50C1322C-AFC6-45AA-8CB6-D66486EBFA0B}.Release|x86.ActiveCfg = Release|Any CPU
		{50C1322C-AFC6-45AA-8CB6-D66486EBFA0B}.Release|x86.Build.0 = Release|Any CPU
		{6EFD25F3-687A-4BFE-A970-6C56509E9800}.Debug|Any CPU.ActiveCfg = Debug|Any CPU
		{6EFD25F3-687A-4BFE-A970-6C56509E9800}.Debug|Any CPU.Build.0 = Debug|Any CPU
		{6EFD25F3-687A-4BFE-A970-6C56509E9800}.Debug|x64.ActiveCfg = Debug|Any CPU
		{6EFD25F3-687A-4BFE-A970-6C56509E9800}.Debug|x64.Build.0 = Debug|Any CPU
		{6EFD25F3-687A-4BFE-A970-6C56509E9800}.Debug|x86.ActiveCfg = Debug|Any CPU
		{6EFD25F3-687A-4BFE-A970-6C56509E9800}.Debug|x86.Build.0 = Debug|Any CPU
		{6EFD25F3-687A-4BFE-A970-6C56509E9800}.Release|Any CPU.ActiveCfg = Release|Any CPU
		{6EFD25F3-687A-4BFE-A970-6C56509E9800}.Release|Any CPU.Build.0 = Release|Any CPU
		{6EFD25F3-687A-4BFE-A970-6C56509E9800}.Release|x64.ActiveCfg = Release|Any CPU
		{6EFD25F3-687A-4BFE-A970-6C56509E9800}.Release|x64.Build.0 = Release|Any CPU
		{6EFD25F3-687A-4BFE-A970-6C56509E9800}.Release|x86.ActiveCfg = Release|Any CPU
		{6EFD25F3-687A-4BFE-A970-6C56509E9800}.Release|x86.Build.0 = Release|Any CPU
		{11B1C849-6C17-45FB-AA86-4CE50D9035D8}.Debug|Any CPU.ActiveCfg = Debug|Any CPU
		{11B1C849-6C17-45FB-AA86-4CE50D9035D8}.Debug|Any CPU.Build.0 = Debug|Any CPU
		{11B1C849-6C17-45FB-AA86-4CE50D9035D8}.Debug|x64.ActiveCfg = Debug|Any CPU
		{11B1C849-6C17-45FB-AA86-4CE50D9035D8}.Debug|x64.Build.0 = Debug|Any CPU
		{11B1C849-6C17-45FB-AA86-4CE50D9035D8}.Debug|x86.ActiveCfg = Debug|Any CPU
		{11B1C849-6C17-45FB-AA86-4CE50D9035D8}.Debug|x86.Build.0 = Debug|Any CPU
		{11B1C849-6C17-45FB-AA86-4CE50D9035D8}.Release|Any CPU.ActiveCfg = Release|Any CPU
		{11B1C849-6C17-45FB-AA86-4CE50D9035D8}.Release|Any CPU.Build.0 = Release|Any CPU
		{11B1C849-6C17-45FB-AA86-4CE50D9035D8}.Release|x64.ActiveCfg = Release|Any CPU
		{11B1C849-6C17-45FB-AA86-4CE50D9035D8}.Release|x64.Build.0 = Release|Any CPU
		{11B1C849-6C17-45FB-AA86-4CE50D9035D8}.Release|x86.ActiveCfg = Release|Any CPU
		{11B1C849-6C17-45FB-AA86-4CE50D9035D8}.Release|x86.Build.0 = Release|Any CPU
		{8B23A5DC-082E-4990-A331-0FB624FE44D2}.Debug|Any CPU.ActiveCfg = Debug|Any CPU
		{8B23A5DC-082E-4990-A331-0FB624FE44D2}.Debug|Any CPU.Build.0 = Debug|Any CPU
		{8B23A5DC-082E-4990-A331-0FB624FE44D2}.Debug|x64.ActiveCfg = Debug|Any CPU
		{8B23A5DC-082E-4990-A331-0FB624FE44D2}.Debug|x64.Build.0 = Debug|Any CPU
		{8B23A5DC-082E-4990-A331-0FB624FE44D2}.Debug|x86.ActiveCfg = Debug|Any CPU
		{8B23A5DC-082E-4990-A331-0FB624FE44D2}.Debug|x86.Build.0 = Debug|Any CPU
		{8B23A5DC-082E-4990-A331-0FB624FE44D2}.Release|Any CPU.ActiveCfg = Release|Any CPU
		{8B23A5DC-082E-4990-A331-0FB624FE44D2}.Release|Any CPU.Build.0 = Release|Any CPU
		{8B23A5DC-082E-4990-A331-0FB624FE44D2}.Release|x64.ActiveCfg = Release|Any CPU
		{8B23A5DC-082E-4990-A331-0FB624FE44D2}.Release|x64.Build.0 = Release|Any CPU
		{8B23A5DC-082E-4990-A331-0FB624FE44D2}.Release|x86.ActiveCfg = Release|Any CPU
		{8B23A5DC-082E-4990-A331-0FB624FE44D2}.Release|x86.Build.0 = Release|Any CPU
		{5DCF8D13-76F4-4AA8-B0F6-3CB30B0899D7}.Debug|Any CPU.ActiveCfg = Debug|Any CPU
		{5DCF8D13-76F4-4AA8-B0F6-3CB30B0899D7}.Debug|Any CPU.Build.0 = Debug|Any CPU
		{5DCF8D13-76F4-4AA8-B0F6-3CB30B0899D7}.Debug|x64.ActiveCfg = Debug|Any CPU
		{5DCF8D13-76F4-4AA8-B0F6-3CB30B0899D7}.Debug|x64.Build.0 = Debug|Any CPU
		{5DCF8D13-76F4-4AA8-B0F6-3CB30B0899D7}.Debug|x86.ActiveCfg = Debug|Any CPU
		{5DCF8D13-76F4-4AA8-B0F6-3CB30B0899D7}.Debug|x86.Build.0 = Debug|Any CPU
		{5DCF8D13-76F4-4AA8-B0F6-3CB30B0899D7}.Release|Any CPU.ActiveCfg = Release|Any CPU
		{5DCF8D13-76F4-4AA8-B0F6-3CB30B0899D7}.Release|Any CPU.Build.0 = Release|Any CPU
		{5DCF8D13-76F4-4AA8-B0F6-3CB30B0899D7}.Release|x64.ActiveCfg = Release|Any CPU
		{5DCF8D13-76F4-4AA8-B0F6-3CB30B0899D7}.Release|x64.Build.0 = Release|Any CPU
		{5DCF8D13-76F4-4AA8-B0F6-3CB30B0899D7}.Release|x86.ActiveCfg = Release|Any CPU
		{5DCF8D13-76F4-4AA8-B0F6-3CB30B0899D7}.Release|x86.Build.0 = Release|Any CPU
		{D4496FAB-268B-42E8-A680-831B6492C402}.Debug|Any CPU.ActiveCfg = Debug|Any CPU
		{D4496FAB-268B-42E8-A680-831B6492C402}.Debug|Any CPU.Build.0 = Debug|Any CPU
		{D4496FAB-268B-42E8-A680-831B6492C402}.Debug|x64.ActiveCfg = Debug|Any CPU
		{D4496FAB-268B-42E8-A680-831B6492C402}.Debug|x64.Build.0 = Debug|Any CPU
		{D4496FAB-268B-42E8-A680-831B6492C402}.Debug|x86.ActiveCfg = Debug|Any CPU
		{D4496FAB-268B-42E8-A680-831B6492C402}.Debug|x86.Build.0 = Debug|Any CPU
		{D4496FAB-268B-42E8-A680-831B6492C402}.Release|Any CPU.ActiveCfg = Release|Any CPU
		{D4496FAB-268B-42E8-A680-831B6492C402}.Release|Any CPU.Build.0 = Release|Any CPU
		{D4496FAB-268B-42E8-A680-831B6492C402}.Release|x64.ActiveCfg = Release|Any CPU
		{D4496FAB-268B-42E8-A680-831B6492C402}.Release|x64.Build.0 = Release|Any CPU
		{D4496FAB-268B-42E8-A680-831B6492C402}.Release|x86.ActiveCfg = Release|Any CPU
		{D4496FAB-268B-42E8-A680-831B6492C402}.Release|x86.Build.0 = Release|Any CPU
		{4938B803-7B3E-4645-A2B0-D32D50FB0CE1}.Debug|Any CPU.ActiveCfg = Debug|Any CPU
		{4938B803-7B3E-4645-A2B0-D32D50FB0CE1}.Debug|Any CPU.Build.0 = Debug|Any CPU
		{4938B803-7B3E-4645-A2B0-D32D50FB0CE1}.Debug|x64.ActiveCfg = Debug|Any CPU
		{4938B803-7B3E-4645-A2B0-D32D50FB0CE1}.Debug|x64.Build.0 = Debug|Any CPU
		{4938B803-7B3E-4645-A2B0-D32D50FB0CE1}.Debug|x86.ActiveCfg = Debug|Any CPU
		{4938B803-7B3E-4645-A2B0-D32D50FB0CE1}.Debug|x86.Build.0 = Debug|Any CPU
		{4938B803-7B3E-4645-A2B0-D32D50FB0CE1}.Release|Any CPU.ActiveCfg = Release|Any CPU
		{4938B803-7B3E-4645-A2B0-D32D50FB0CE1}.Release|Any CPU.Build.0 = Release|Any CPU
		{4938B803-7B3E-4645-A2B0-D32D50FB0CE1}.Release|x64.ActiveCfg = Release|Any CPU
		{4938B803-7B3E-4645-A2B0-D32D50FB0CE1}.Release|x64.Build.0 = Release|Any CPU
		{4938B803-7B3E-4645-A2B0-D32D50FB0CE1}.Release|x86.ActiveCfg = Release|Any CPU
		{4938B803-7B3E-4645-A2B0-D32D50FB0CE1}.Release|x86.Build.0 = Release|Any CPU
		{503961F1-6EF3-4E69-9F47-EADC20907087}.Debug|Any CPU.ActiveCfg = Debug|Any CPU
		{503961F1-6EF3-4E69-9F47-EADC20907087}.Debug|Any CPU.Build.0 = Debug|Any CPU
		{503961F1-6EF3-4E69-9F47-EADC20907087}.Debug|x64.ActiveCfg = Debug|Any CPU
		{503961F1-6EF3-4E69-9F47-EADC20907087}.Debug|x64.Build.0 = Debug|Any CPU
		{503961F1-6EF3-4E69-9F47-EADC20907087}.Debug|x86.ActiveCfg = Debug|Any CPU
		{503961F1-6EF3-4E69-9F47-EADC20907087}.Debug|x86.Build.0 = Debug|Any CPU
		{503961F1-6EF3-4E69-9F47-EADC20907087}.Release|Any CPU.ActiveCfg = Release|Any CPU
		{503961F1-6EF3-4E69-9F47-EADC20907087}.Release|Any CPU.Build.0 = Release|Any CPU
		{503961F1-6EF3-4E69-9F47-EADC20907087}.Release|x64.ActiveCfg = Release|Any CPU
		{503961F1-6EF3-4E69-9F47-EADC20907087}.Release|x64.Build.0 = Release|Any CPU
		{503961F1-6EF3-4E69-9F47-EADC20907087}.Release|x86.ActiveCfg = Release|Any CPU
		{503961F1-6EF3-4E69-9F47-EADC20907087}.Release|x86.Build.0 = Release|Any CPU
		{744957D7-47AF-41E2-A8B7-83A378356CB8}.Debug|Any CPU.ActiveCfg = Debug|Any CPU
		{744957D7-47AF-41E2-A8B7-83A378356CB8}.Debug|Any CPU.Build.0 = Debug|Any CPU
		{744957D7-47AF-41E2-A8B7-83A378356CB8}.Debug|x64.ActiveCfg = Debug|Any CPU
		{744957D7-47AF-41E2-A8B7-83A378356CB8}.Debug|x64.Build.0 = Debug|Any CPU
		{744957D7-47AF-41E2-A8B7-83A378356CB8}.Debug|x86.ActiveCfg = Debug|Any CPU
		{744957D7-47AF-41E2-A8B7-83A378356CB8}.Debug|x86.Build.0 = Debug|Any CPU
		{744957D7-47AF-41E2-A8B7-83A378356CB8}.Release|Any CPU.ActiveCfg = Release|Any CPU
		{744957D7-47AF-41E2-A8B7-83A378356CB8}.Release|Any CPU.Build.0 = Release|Any CPU
		{744957D7-47AF-41E2-A8B7-83A378356CB8}.Release|x64.ActiveCfg = Release|Any CPU
		{744957D7-47AF-41E2-A8B7-83A378356CB8}.Release|x64.Build.0 = Release|Any CPU
		{744957D7-47AF-41E2-A8B7-83A378356CB8}.Release|x86.ActiveCfg = Release|Any CPU
		{744957D7-47AF-41E2-A8B7-83A378356CB8}.Release|x86.Build.0 = Release|Any CPU
		{9F2F7521-A407-48A5-80BB-845154EA19C4}.Debug|Any CPU.ActiveCfg = Debug|Any CPU
		{9F2F7521-A407-48A5-80BB-845154EA19C4}.Debug|Any CPU.Build.0 = Debug|Any CPU
		{9F2F7521-A407-48A5-80BB-845154EA19C4}.Debug|x64.ActiveCfg = Debug|Any CPU
		{9F2F7521-A407-48A5-80BB-845154EA19C4}.Debug|x64.Build.0 = Debug|Any CPU
		{9F2F7521-A407-48A5-80BB-845154EA19C4}.Debug|x86.ActiveCfg = Debug|Any CPU
		{9F2F7521-A407-48A5-80BB-845154EA19C4}.Debug|x86.Build.0 = Debug|Any CPU
		{9F2F7521-A407-48A5-80BB-845154EA19C4}.Release|Any CPU.ActiveCfg = Release|Any CPU
		{9F2F7521-A407-48A5-80BB-845154EA19C4}.Release|Any CPU.Build.0 = Release|Any CPU
		{9F2F7521-A407-48A5-80BB-845154EA19C4}.Release|x64.ActiveCfg = Release|Any CPU
		{9F2F7521-A407-48A5-80BB-845154EA19C4}.Release|x64.Build.0 = Release|Any CPU
		{9F2F7521-A407-48A5-80BB-845154EA19C4}.Release|x86.ActiveCfg = Release|Any CPU
		{9F2F7521-A407-48A5-80BB-845154EA19C4}.Release|x86.Build.0 = Release|Any CPU
	EndGlobalSection
	GlobalSection(SolutionProperties) = preSolution
		HideSolutionNode = FALSE
	EndGlobalSection
	GlobalSection(NestedProjects) = preSolution
		{2BEF0AD8-6FBD-4FB6-A368-650B1B9972F3} = {827E0CD3-B72D-47B6-A68D-7590B98EB39B}
		{7D6EB390-841C-4870-A575-B2D4B3DAD3AE} = {827E0CD3-B72D-47B6-A68D-7590B98EB39B}
		{50C1322C-AFC6-45AA-8CB6-D66486EBFA0B} = {827E0CD3-B72D-47B6-A68D-7590B98EB39B}
		{6EFD25F3-687A-4BFE-A970-6C56509E9800} = {827E0CD3-B72D-47B6-A68D-7590B98EB39B}
		{11B1C849-6C17-45FB-AA86-4CE50D9035D8} = {827E0CD3-B72D-47B6-A68D-7590B98EB39B}
		{8B23A5DC-082E-4990-A331-0FB624FE44D2} = {07C2787E-EAC7-C090-1BA3-A61EC2A24D84}
		{5DCF8D13-76F4-4AA8-B0F6-3CB30B0899D7} = {0AB3BF05-4346-4AA6-1389-037BE0695223}
		{D4496FAB-268B-42E8-A680-831B6492C402} = {0AB3BF05-4346-4AA6-1389-037BE0695223}
		{4938B803-7B3E-4645-A2B0-D32D50FB0CE1} = {0AB3BF05-4346-4AA6-1389-037BE0695223}
		{503961F1-6EF3-4E69-9F47-EADC20907087} = {0AB3BF05-4346-4AA6-1389-037BE0695223}
		{744957D7-47AF-41E2-A8B7-83A378356CB8} = {0AB3BF05-4346-4AA6-1389-037BE0695223}
		{9F2F7521-A407-48A5-80BB-845154EA19C4} = {0AB3BF05-4346-4AA6-1389-037BE0695223}
	EndGlobalSection
EndGlobal
